// !$*UTF8*$!
{
	archiveVersion = 1;
	classes = {
	};
	objectVersion = 55;
	objects = {

/* Begin PBXBuildFile section */
		265668692975AD5A006DD3F9 /* PullableScrollView in Frameworks */ = {isa = PBXBuildFile; productRef = 265668682975AD5A006DD3F9 /* PullableScrollView */; settings = {ATTRIBUTES = (Weak, ); }; };
		26E2B339297ACEBB00ED9B58 /* DataLayer.framework in Frameworks */ = {isa = PBXBuildFile; fileRef = 26E2B338297ACEBB00ED9B58 /* DataLayer.framework */; };
		4D49D90D294DE4C600987DE6 /* MapboxMaps in Frameworks */ = {isa = PBXBuildFile; productRef = 4D49D90C294DE4C600987DE6 /* MapboxMaps */; };
		4DB8E3C9294E2C1F00A75406 /* Turf in Frameworks */ = {isa = PBXBuildFile; productRef = 4DB8E3C8294E2C1F00A75406 /* Turf */; };
		74F23624283E0E82008AD04F /* Veil in Frameworks */ = {isa = PBXBuildFile; productRef = 74F23623283E0E82008AD04F /* Veil */; };
		74F69611285234C700E55555 /* CodeScanner in Frameworks */ = {isa = PBXBuildFile; productRef = 74F69610285234C700E55555 /* CodeScanner */; };
		99BA879428BCFFA8004611AC /* (null) in Sources */ = {isa = PBXBuildFile; };
		99BA87A328BD0AA5004611AC /* (null) in Sources */ = {isa = PBXBuildFile; };
		A50EECB028CF4D1500BBEB7F /* (null) in Sources */ = {isa = PBXBuildFile; };
		A559BA8928CF28070009C473 /* (null) in Sources */ = {isa = PBXBuildFile; };
		A5845896285A0FF70081C027 /* DomainLayer.framework in Frameworks */ = {isa = PBXBuildFile; fileRef = A5845895285A0FF70081C027 /* DomainLayer.framework */; };
		A591E09B28BF97E200623A61 /* (null) in Sources */ = {isa = PBXBuildFile; };
		A591E0A128BF9A0100623A61 /* (null) in Sources */ = {isa = PBXBuildFile; };
		B557E1DB28251CED00E0BDCB /* PresentationLayer.h in Headers */ = {isa = PBXBuildFile; fileRef = B557E1DA28251CED00E0BDCB /* PresentationLayer.h */; settings = {ATTRIBUTES = (Public, ); }; };
		B557E218282521C900E0BDCB /* Swinject in Frameworks */ = {isa = PBXBuildFile; productRef = B557E217282521C900E0BDCB /* Swinject */; };
		B557E224282532EB00E0BDCB /* Lottie in Frameworks */ = {isa = PBXBuildFile; productRef = B557E223282532EB00E0BDCB /* Lottie */; };
		B5628F64283537BF0097D96F /* IQKeyboardManagerSwift in Frameworks */ = {isa = PBXBuildFile; productRef = B5628F63283537BF0097D96F /* IQKeyboardManagerSwift */; };
		B5E6B87E2833AB190060D050 /* Alamofire in Frameworks */ = {isa = PBXBuildFile; productRef = B5E6B87D2833AB190060D050 /* Alamofire */; };
/* End PBXBuildFile section */

/* Begin PBXFileReference section */
		26E2B338297ACEBB00ED9B58 /* DataLayer.framework */ = {isa = PBXFileReference; explicitFileType = wrapper.framework; path = DataLayer.framework; sourceTree = BUILT_PRODUCTS_DIR; };
		99A31F8228D088F0003BE981 /* AuthenticationServices.framework */ = {isa = PBXFileReference; lastKnownFileType = wrapper.framework; name = AuthenticationServices.framework; path = System/Library/Frameworks/AuthenticationServices.framework; sourceTree = SDKROOT; };
		A5845895285A0FF70081C027 /* DomainLayer.framework */ = {isa = PBXFileReference; explicitFileType = wrapper.framework; path = DomainLayer.framework; sourceTree = BUILT_PRODUCTS_DIR; };
		B557E1D728251CED00E0BDCB /* PresentationLayer.framework */ = {isa = PBXFileReference; explicitFileType = wrapper.framework; includeInIndex = 0; path = PresentationLayer.framework; sourceTree = BUILT_PRODUCTS_DIR; };
		B557E1DA28251CED00E0BDCB /* PresentationLayer.h */ = {isa = PBXFileReference; lastKnownFileType = sourcecode.c.h; path = PresentationLayer.h; sourceTree = "<group>"; };
/* End PBXFileReference section */

/* Begin PBXFrameworksBuildPhase section */
		B557E1D428251CED00E0BDCB /* Frameworks */ = {
			isa = PBXFrameworksBuildPhase;
			buildActionMask = 2147483647;
			files = (
				A5845896285A0FF70081C027 /* DomainLayer.framework in Frameworks */,
				B5628F64283537BF0097D96F /* IQKeyboardManagerSwift in Frameworks */,
				4D49D90D294DE4C600987DE6 /* MapboxMaps in Frameworks */,
				B5E6B87E2833AB190060D050 /* Alamofire in Frameworks */,
				B557E218282521C900E0BDCB /* Swinject in Frameworks */,
				265668692975AD5A006DD3F9 /* PullableScrollView in Frameworks */,
				74F69611285234C700E55555 /* CodeScanner in Frameworks */,
				26E2B339297ACEBB00ED9B58 /* DataLayer.framework in Frameworks */,
				4DB8E3C9294E2C1F00A75406 /* Turf in Frameworks */,
				74F23624283E0E82008AD04F /* Veil in Frameworks */,
				B557E224282532EB00E0BDCB /* Lottie in Frameworks */,
			);
			runOnlyForDeploymentPostprocessing = 0;
		};
/* End PBXFrameworksBuildPhase section */

/* Begin PBXGroup section */
		B557E1CD28251CED00E0BDCB = {
			isa = PBXGroup;
			children = (
				B557E1D828251CED00E0BDCB /* Products */,
				B557E1E728251D3E00E0BDCB /* Frameworks */,
				B557E1DA28251CED00E0BDCB /* PresentationLayer.h */,
			);
			sourceTree = "<group>";
		};
		B557E1D828251CED00E0BDCB /* Products */ = {
			isa = PBXGroup;
			children = (
				B557E1D728251CED00E0BDCB /* PresentationLayer.framework */,
			);
			name = Products;
			sourceTree = "<group>";
		};
		B557E1E728251D3E00E0BDCB /* Frameworks */ = {
			isa = PBXGroup;
			children = (
				26E2B338297ACEBB00ED9B58 /* DataLayer.framework */,
				99A31F8228D088F0003BE981 /* AuthenticationServices.framework */,
				A5845895285A0FF70081C027 /* DomainLayer.framework */,
			);
			name = Frameworks;
			sourceTree = "<group>";
		};
/* End PBXGroup section */

/* Begin PBXHeadersBuildPhase section */
		B557E1D228251CED00E0BDCB /* Headers */ = {
			isa = PBXHeadersBuildPhase;
			buildActionMask = 2147483647;
			files = (
				B557E1DB28251CED00E0BDCB /* PresentationLayer.h in Headers */,
			);
			runOnlyForDeploymentPostprocessing = 0;
		};
/* End PBXHeadersBuildPhase section */

/* Begin PBXNativeTarget section */
		B557E1D628251CED00E0BDCB /* PresentationLayer */ = {
			isa = PBXNativeTarget;
			buildConfigurationList = B557E1DE28251CED00E0BDCB /* Build configuration list for PBXNativeTarget "PresentationLayer" */;
			buildPhases = (
				B557E1D228251CED00E0BDCB /* Headers */,
				B557E1D328251CED00E0BDCB /* Sources */,
				B557E1D428251CED00E0BDCB /* Frameworks */,
				B557E1D528251CED00E0BDCB /* Resources */,
			);
			buildRules = (
			);
			dependencies = (
			);
			name = PresentationLayer;
			packageProductDependencies = (
				B557E217282521C900E0BDCB /* Swinject */,
				B557E223282532EB00E0BDCB /* Lottie */,
				B5E6B87D2833AB190060D050 /* Alamofire */,
				74F23623283E0E82008AD04F /* Veil */,
				B5628F63283537BF0097D96F /* IQKeyboardManagerSwift */,
				74F69610285234C700E55555 /* CodeScanner */,
				4D49D90C294DE4C600987DE6 /* MapboxMaps */,
				4DB8E3C8294E2C1F00A75406 /* Turf */,
				265668682975AD5A006DD3F9 /* PullableScrollView */,
			);
			productName = PresentationLayer;
			productReference = B557E1D728251CED00E0BDCB /* PresentationLayer.framework */;
			productType = "com.apple.product-type.framework";
		};
/* End PBXNativeTarget section */

/* Begin PBXProject section */
		B557E1CE28251CED00E0BDCB /* Project object */ = {
			isa = PBXProject;
			attributes = {
				BuildIndependentTargetsInParallel = 1;
				LastUpgradeCheck = 1340;
				TargetAttributes = {
					B557E1D628251CED00E0BDCB = {
						CreatedOnToolsVersion = 13.3;
						LastSwiftMigration = 1330;
					};
				};
			};
			buildConfigurationList = B557E1D128251CED00E0BDCB /* Build configuration list for PBXProject "PresentationLayer" */;
			compatibilityVersion = "Xcode 13.0";
			developmentRegion = en;
			hasScannedForEncodings = 0;
			knownRegions = (
				en,
				Base,
			);
			mainGroup = B557E1CD28251CED00E0BDCB;
			packageReferences = (
				B557E216282521C900E0BDCB /* XCRemoteSwiftPackageReference "Swinject" */,
				B557E222282532EB00E0BDCB /* XCRemoteSwiftPackageReference "lottie-ios" */,
				B5E6B87C2833AB190060D050 /* XCRemoteSwiftPackageReference "Alamofire" */,
				74F23622283E0E82008AD04F /* XCRemoteSwiftPackageReference "Veil" */,
				B5628F62283537BF0097D96F /* XCRemoteSwiftPackageReference "IQKeyboardManager" */,
				74F6960F285234C700E55555 /* XCRemoteSwiftPackageReference "CodeScanner" */,
				4D49D90B294DE4C600987DE6 /* XCRemoteSwiftPackageReference "mapbox-maps-ios" */,
				4DB8E3C7294E2C1F00A75406 /* XCRemoteSwiftPackageReference "turf-swift" */,
				265668672975AD5A006DD3F9 /* XCRemoteSwiftPackageReference "PullableScrollView" */,
			);
			productRefGroup = B557E1D828251CED00E0BDCB /* Products */;
			projectDirPath = "";
			projectRoot = "";
			targets = (
				B557E1D628251CED00E0BDCB /* PresentationLayer */,
			);
		};
/* End PBXProject section */

/* Begin PBXResourcesBuildPhase section */
		B557E1D528251CED00E0BDCB /* Resources */ = {
			isa = PBXResourcesBuildPhase;
			buildActionMask = 2147483647;
			files = (
			);
			runOnlyForDeploymentPostprocessing = 0;
		};
/* End PBXResourcesBuildPhase section */

/* Begin PBXSourcesBuildPhase section */
		B557E1D328251CED00E0BDCB /* Sources */ = {
			isa = PBXSourcesBuildPhase;
			buildActionMask = 2147483647;
			files = (
				A50EECB028CF4D1500BBEB7F /* (null) in Sources */,
				99BA87A328BD0AA5004611AC /* (null) in Sources */,
				99BA879428BCFFA8004611AC /* (null) in Sources */,
				A559BA8928CF28070009C473 /* (null) in Sources */,
				A591E09B28BF97E200623A61 /* (null) in Sources */,
				A591E0A128BF9A0100623A61 /* (null) in Sources */,
			);
			runOnlyForDeploymentPostprocessing = 0;
		};
/* End PBXSourcesBuildPhase section */

/* Begin XCBuildConfiguration section */
		26E2B3B32982718900ED9B58 /* Mock */ = {
			isa = XCBuildConfiguration;
			buildSettings = {
				ALWAYS_SEARCH_USER_PATHS = NO;
				CLANG_ANALYZER_NONNULL = YES;
				CLANG_ANALYZER_NUMBER_OBJECT_CONVERSION = YES_AGGRESSIVE;
				CLANG_CXX_LANGUAGE_STANDARD = "gnu++17";
				CLANG_ENABLE_MODULES = YES;
				CLANG_ENABLE_OBJC_ARC = YES;
				CLANG_ENABLE_OBJC_WEAK = YES;
				CLANG_WARN_BLOCK_CAPTURE_AUTORELEASING = YES;
				CLANG_WARN_BOOL_CONVERSION = YES;
				CLANG_WARN_COMMA = YES;
				CLANG_WARN_CONSTANT_CONVERSION = YES;
				CLANG_WARN_DEPRECATED_OBJC_IMPLEMENTATIONS = YES;
				CLANG_WARN_DIRECT_OBJC_ISA_USAGE = YES_ERROR;
				CLANG_WARN_DOCUMENTATION_COMMENTS = YES;
				CLANG_WARN_EMPTY_BODY = YES;
				CLANG_WARN_ENUM_CONVERSION = YES;
				CLANG_WARN_INFINITE_RECURSION = YES;
				CLANG_WARN_INT_CONVERSION = YES;
				CLANG_WARN_NON_LITERAL_NULL_CONVERSION = YES;
				CLANG_WARN_OBJC_IMPLICIT_RETAIN_SELF = YES;
				CLANG_WARN_OBJC_LITERAL_CONVERSION = YES;
				CLANG_WARN_OBJC_ROOT_CLASS = YES_ERROR;
				CLANG_WARN_QUOTED_INCLUDE_IN_FRAMEWORK_HEADER = YES;
				CLANG_WARN_RANGE_LOOP_ANALYSIS = YES;
				CLANG_WARN_STRICT_PROTOTYPES = YES;
				CLANG_WARN_SUSPICIOUS_MOVE = YES;
				CLANG_WARN_UNGUARDED_AVAILABILITY = YES_AGGRESSIVE;
				CLANG_WARN_UNREACHABLE_CODE = YES;
				CLANG_WARN__DUPLICATE_METHOD_MATCH = YES;
				COPY_PHASE_STRIP = NO;
				CURRENT_PROJECT_VERSION = 1;
				DEBUG_INFORMATION_FORMAT = dwarf;
				ENABLE_STRICT_OBJC_MSGSEND = YES;
				ENABLE_TESTABILITY = YES;
				GCC_C_LANGUAGE_STANDARD = gnu11;
				GCC_DYNAMIC_NO_PIC = NO;
				GCC_NO_COMMON_BLOCKS = YES;
				GCC_OPTIMIZATION_LEVEL = 0;
				GCC_PREPROCESSOR_DEFINITIONS = (
					"DEBUG=1",
					"$(inherited)",
				);
				GCC_WARN_64_TO_32_BIT_CONVERSION = YES;
				GCC_WARN_ABOUT_RETURN_TYPE = YES_ERROR;
				GCC_WARN_UNDECLARED_SELECTOR = YES;
				GCC_WARN_UNINITIALIZED_AUTOS = YES_AGGRESSIVE;
				GCC_WARN_UNUSED_FUNCTION = YES;
				GCC_WARN_UNUSED_VARIABLE = YES;
				IPHONEOS_DEPLOYMENT_TARGET = 14.0;
				MTL_ENABLE_DEBUG_INFO = INCLUDE_SOURCE;
				MTL_FAST_MATH = YES;
				ONLY_ACTIVE_ARCH = YES;
				SDKROOT = iphoneos;
				SWIFT_ACTIVE_COMPILATION_CONDITIONS = DEBUG;
				SWIFT_OPTIMIZATION_LEVEL = "-Onone";
				VERSIONING_SYSTEM = "apple-generic";
				VERSION_INFO_PREFIX = "";
			};
			name = Mock;
		};
		26E2B3B42982718900ED9B58 /* Mock */ = {
			isa = XCBuildConfiguration;
			buildSettings = {
				CLANG_ENABLE_MODULES = YES;
				CODE_SIGN_IDENTITY = "";
				"CODE_SIGN_IDENTITY[sdk=macosx*]" = "Apple Development";
				CODE_SIGN_STYLE = Automatic;
				CURRENT_PROJECT_VERSION = 1;
				DEFINES_MODULE = YES;
				DEVELOPMENT_TEAM = G6DMWDA6X5;
				DYLIB_COMPATIBILITY_VERSION = 1;
				DYLIB_CURRENT_VERSION = 1;
				DYLIB_INSTALL_NAME_BASE = "@rpath";
				GENERATE_INFOPLIST_FILE = YES;
				INFOPLIST_KEY_NSHumanReadableCopyright = "";
				INSTALL_PATH = "$(LOCAL_LIBRARY_DIR)/Frameworks";
				IPHONEOS_DEPLOYMENT_TARGET = 15.0;
				LD_RUNPATH_SEARCH_PATHS = (
					"$(inherited)",
					"@executable_path/Frameworks",
					"@loader_path/Frameworks",
				);
				MARKETING_VERSION = 1.0;
				PRODUCT_BUNDLE_IDENTIFIER = "com.threenitas.wxm-ios.PresentationLayer";
				PRODUCT_NAME = "$(TARGET_NAME:c99extidentifier)";
				SKIP_INSTALL = YES;
				SUPPORTS_MACCATALYST = NO;
				SWIFT_ACTIVE_COMPILATION_CONDITIONS = MOCK;
				SWIFT_EMIT_LOC_STRINGS = YES;
				SWIFT_OPTIMIZATION_LEVEL = "-Onone";
				SWIFT_VERSION = 5.0;
				TARGETED_DEVICE_FAMILY = 1;
			};
			name = Mock;
		};
		26E2B3B7298272B700ED9B58 /* Staging */ = {
			isa = XCBuildConfiguration;
			buildSettings = {
				ALWAYS_SEARCH_USER_PATHS = NO;
				CLANG_ANALYZER_NONNULL = YES;
				CLANG_ANALYZER_NUMBER_OBJECT_CONVERSION = YES_AGGRESSIVE;
				CLANG_CXX_LANGUAGE_STANDARD = "gnu++17";
				CLANG_ENABLE_MODULES = YES;
				CLANG_ENABLE_OBJC_ARC = YES;
				CLANG_ENABLE_OBJC_WEAK = YES;
				CLANG_WARN_BLOCK_CAPTURE_AUTORELEASING = YES;
				CLANG_WARN_BOOL_CONVERSION = YES;
				CLANG_WARN_COMMA = YES;
				CLANG_WARN_CONSTANT_CONVERSION = YES;
				CLANG_WARN_DEPRECATED_OBJC_IMPLEMENTATIONS = YES;
				CLANG_WARN_DIRECT_OBJC_ISA_USAGE = YES_ERROR;
				CLANG_WARN_DOCUMENTATION_COMMENTS = YES;
				CLANG_WARN_EMPTY_BODY = YES;
				CLANG_WARN_ENUM_CONVERSION = YES;
				CLANG_WARN_INFINITE_RECURSION = YES;
				CLANG_WARN_INT_CONVERSION = YES;
				CLANG_WARN_NON_LITERAL_NULL_CONVERSION = YES;
				CLANG_WARN_OBJC_IMPLICIT_RETAIN_SELF = YES;
				CLANG_WARN_OBJC_LITERAL_CONVERSION = YES;
				CLANG_WARN_OBJC_ROOT_CLASS = YES_ERROR;
				CLANG_WARN_QUOTED_INCLUDE_IN_FRAMEWORK_HEADER = YES;
				CLANG_WARN_RANGE_LOOP_ANALYSIS = YES;
				CLANG_WARN_STRICT_PROTOTYPES = YES;
				CLANG_WARN_SUSPICIOUS_MOVE = YES;
				CLANG_WARN_UNGUARDED_AVAILABILITY = YES_AGGRESSIVE;
				CLANG_WARN_UNREACHABLE_CODE = YES;
				CLANG_WARN__DUPLICATE_METHOD_MATCH = YES;
				COPY_PHASE_STRIP = NO;
				CURRENT_PROJECT_VERSION = 1;
				DEBUG_INFORMATION_FORMAT = dwarf;
				ENABLE_STRICT_OBJC_MSGSEND = YES;
				ENABLE_TESTABILITY = YES;
				GCC_C_LANGUAGE_STANDARD = gnu11;
				GCC_DYNAMIC_NO_PIC = NO;
				GCC_NO_COMMON_BLOCKS = YES;
				GCC_OPTIMIZATION_LEVEL = 0;
				GCC_PREPROCESSOR_DEFINITIONS = (
					"DEBUG=1",
					"$(inherited)",
				);
				GCC_WARN_64_TO_32_BIT_CONVERSION = YES;
				GCC_WARN_ABOUT_RETURN_TYPE = YES_ERROR;
				GCC_WARN_UNDECLARED_SELECTOR = YES;
				GCC_WARN_UNINITIALIZED_AUTOS = YES_AGGRESSIVE;
				GCC_WARN_UNUSED_FUNCTION = YES;
				GCC_WARN_UNUSED_VARIABLE = YES;
				IPHONEOS_DEPLOYMENT_TARGET = 14.0;
				MTL_ENABLE_DEBUG_INFO = INCLUDE_SOURCE;
				MTL_FAST_MATH = YES;
				ONLY_ACTIVE_ARCH = YES;
				SDKROOT = iphoneos;
				SWIFT_ACTIVE_COMPILATION_CONDITIONS = DEBUG;
				SWIFT_OPTIMIZATION_LEVEL = "-Onone";
				VERSIONING_SYSTEM = "apple-generic";
				VERSION_INFO_PREFIX = "";
			};
			name = Staging;
		};
		26E2B3B8298272B700ED9B58 /* Staging */ = {
			isa = XCBuildConfiguration;
			buildSettings = {
				CLANG_ENABLE_MODULES = YES;
				CODE_SIGN_IDENTITY = "";
				"CODE_SIGN_IDENTITY[sdk=macosx*]" = "Apple Development";
				CODE_SIGN_STYLE = Automatic;
				CURRENT_PROJECT_VERSION = 1;
				DEFINES_MODULE = YES;
				DEVELOPMENT_TEAM = G6DMWDA6X5;
				DYLIB_COMPATIBILITY_VERSION = 1;
				DYLIB_CURRENT_VERSION = 1;
				DYLIB_INSTALL_NAME_BASE = "@rpath";
				GENERATE_INFOPLIST_FILE = YES;
				INFOPLIST_KEY_NSHumanReadableCopyright = "";
				INSTALL_PATH = "$(LOCAL_LIBRARY_DIR)/Frameworks";
				IPHONEOS_DEPLOYMENT_TARGET = 15.0;
				LD_RUNPATH_SEARCH_PATHS = (
					"$(inherited)",
					"@executable_path/Frameworks",
					"@loader_path/Frameworks",
				);
				MARKETING_VERSION = 1.0;
				PRODUCT_BUNDLE_IDENTIFIER = "com.threenitas.wxm-ios.PresentationLayer";
				PRODUCT_NAME = "$(TARGET_NAME:c99extidentifier)";
				SKIP_INSTALL = YES;
				SUPPORTS_MACCATALYST = NO;
				SWIFT_ACTIVE_COMPILATION_CONDITIONS = STAGING;
				SWIFT_EMIT_LOC_STRINGS = YES;
				SWIFT_OPTIMIZATION_LEVEL = "-Onone";
				SWIFT_VERSION = 5.0;
				TARGETED_DEVICE_FAMILY = 1;
			};
			name = Staging;
		};
		B557E1DC28251CED00E0BDCB /* Debug */ = {
			isa = XCBuildConfiguration;
			buildSettings = {
				ALWAYS_SEARCH_USER_PATHS = NO;
				CLANG_ANALYZER_NONNULL = YES;
				CLANG_ANALYZER_NUMBER_OBJECT_CONVERSION = YES_AGGRESSIVE;
				CLANG_CXX_LANGUAGE_STANDARD = "gnu++17";
				CLANG_ENABLE_MODULES = YES;
				CLANG_ENABLE_OBJC_ARC = YES;
				CLANG_ENABLE_OBJC_WEAK = YES;
				CLANG_WARN_BLOCK_CAPTURE_AUTORELEASING = YES;
				CLANG_WARN_BOOL_CONVERSION = YES;
				CLANG_WARN_COMMA = YES;
				CLANG_WARN_CONSTANT_CONVERSION = YES;
				CLANG_WARN_DEPRECATED_OBJC_IMPLEMENTATIONS = YES;
				CLANG_WARN_DIRECT_OBJC_ISA_USAGE = YES_ERROR;
				CLANG_WARN_DOCUMENTATION_COMMENTS = YES;
				CLANG_WARN_EMPTY_BODY = YES;
				CLANG_WARN_ENUM_CONVERSION = YES;
				CLANG_WARN_INFINITE_RECURSION = YES;
				CLANG_WARN_INT_CONVERSION = YES;
				CLANG_WARN_NON_LITERAL_NULL_CONVERSION = YES;
				CLANG_WARN_OBJC_IMPLICIT_RETAIN_SELF = YES;
				CLANG_WARN_OBJC_LITERAL_CONVERSION = YES;
				CLANG_WARN_OBJC_ROOT_CLASS = YES_ERROR;
				CLANG_WARN_QUOTED_INCLUDE_IN_FRAMEWORK_HEADER = YES;
				CLANG_WARN_RANGE_LOOP_ANALYSIS = YES;
				CLANG_WARN_STRICT_PROTOTYPES = YES;
				CLANG_WARN_SUSPICIOUS_MOVE = YES;
				CLANG_WARN_UNGUARDED_AVAILABILITY = YES_AGGRESSIVE;
				CLANG_WARN_UNREACHABLE_CODE = YES;
				CLANG_WARN__DUPLICATE_METHOD_MATCH = YES;
				COPY_PHASE_STRIP = NO;
				CURRENT_PROJECT_VERSION = 1;
				DEBUG_INFORMATION_FORMAT = dwarf;
				ENABLE_STRICT_OBJC_MSGSEND = YES;
				ENABLE_TESTABILITY = YES;
				GCC_C_LANGUAGE_STANDARD = gnu11;
				GCC_DYNAMIC_NO_PIC = NO;
				GCC_NO_COMMON_BLOCKS = YES;
				GCC_OPTIMIZATION_LEVEL = 0;
				GCC_PREPROCESSOR_DEFINITIONS = (
					"DEBUG=1",
					"$(inherited)",
				);
				GCC_WARN_64_TO_32_BIT_CONVERSION = YES;
				GCC_WARN_ABOUT_RETURN_TYPE = YES_ERROR;
				GCC_WARN_UNDECLARED_SELECTOR = YES;
				GCC_WARN_UNINITIALIZED_AUTOS = YES_AGGRESSIVE;
				GCC_WARN_UNUSED_FUNCTION = YES;
				GCC_WARN_UNUSED_VARIABLE = YES;
				IPHONEOS_DEPLOYMENT_TARGET = 14.0;
				MTL_ENABLE_DEBUG_INFO = INCLUDE_SOURCE;
				MTL_FAST_MATH = YES;
				ONLY_ACTIVE_ARCH = YES;
				SDKROOT = iphoneos;
				SWIFT_ACTIVE_COMPILATION_CONDITIONS = DEBUG;
				SWIFT_OPTIMIZATION_LEVEL = "-Onone";
				VERSIONING_SYSTEM = "apple-generic";
				VERSION_INFO_PREFIX = "";
			};
			name = Debug;
		};
		B557E1DD28251CED00E0BDCB /* Release */ = {
			isa = XCBuildConfiguration;
			buildSettings = {
				ALWAYS_SEARCH_USER_PATHS = NO;
				CLANG_ANALYZER_NONNULL = YES;
				CLANG_ANALYZER_NUMBER_OBJECT_CONVERSION = YES_AGGRESSIVE;
				CLANG_CXX_LANGUAGE_STANDARD = "gnu++17";
				CLANG_ENABLE_MODULES = YES;
				CLANG_ENABLE_OBJC_ARC = YES;
				CLANG_ENABLE_OBJC_WEAK = YES;
				CLANG_WARN_BLOCK_CAPTURE_AUTORELEASING = YES;
				CLANG_WARN_BOOL_CONVERSION = YES;
				CLANG_WARN_COMMA = YES;
				CLANG_WARN_CONSTANT_CONVERSION = YES;
				CLANG_WARN_DEPRECATED_OBJC_IMPLEMENTATIONS = YES;
				CLANG_WARN_DIRECT_OBJC_ISA_USAGE = YES_ERROR;
				CLANG_WARN_DOCUMENTATION_COMMENTS = YES;
				CLANG_WARN_EMPTY_BODY = YES;
				CLANG_WARN_ENUM_CONVERSION = YES;
				CLANG_WARN_INFINITE_RECURSION = YES;
				CLANG_WARN_INT_CONVERSION = YES;
				CLANG_WARN_NON_LITERAL_NULL_CONVERSION = YES;
				CLANG_WARN_OBJC_IMPLICIT_RETAIN_SELF = YES;
				CLANG_WARN_OBJC_LITERAL_CONVERSION = YES;
				CLANG_WARN_OBJC_ROOT_CLASS = YES_ERROR;
				CLANG_WARN_QUOTED_INCLUDE_IN_FRAMEWORK_HEADER = YES;
				CLANG_WARN_RANGE_LOOP_ANALYSIS = YES;
				CLANG_WARN_STRICT_PROTOTYPES = YES;
				CLANG_WARN_SUSPICIOUS_MOVE = YES;
				CLANG_WARN_UNGUARDED_AVAILABILITY = YES_AGGRESSIVE;
				CLANG_WARN_UNREACHABLE_CODE = YES;
				CLANG_WARN__DUPLICATE_METHOD_MATCH = YES;
				COPY_PHASE_STRIP = NO;
				CURRENT_PROJECT_VERSION = 1;
				DEBUG_INFORMATION_FORMAT = "dwarf-with-dsym";
				ENABLE_NS_ASSERTIONS = NO;
				ENABLE_STRICT_OBJC_MSGSEND = YES;
				GCC_C_LANGUAGE_STANDARD = gnu11;
				GCC_NO_COMMON_BLOCKS = YES;
				GCC_WARN_64_TO_32_BIT_CONVERSION = YES;
				GCC_WARN_ABOUT_RETURN_TYPE = YES_ERROR;
				GCC_WARN_UNDECLARED_SELECTOR = YES;
				GCC_WARN_UNINITIALIZED_AUTOS = YES_AGGRESSIVE;
				GCC_WARN_UNUSED_FUNCTION = YES;
				GCC_WARN_UNUSED_VARIABLE = YES;
				IPHONEOS_DEPLOYMENT_TARGET = 14.0;
				MTL_ENABLE_DEBUG_INFO = NO;
				MTL_FAST_MATH = YES;
				SDKROOT = iphoneos;
				SWIFT_COMPILATION_MODE = wholemodule;
				SWIFT_OPTIMIZATION_LEVEL = "-O";
				VALIDATE_PRODUCT = YES;
				VERSIONING_SYSTEM = "apple-generic";
				VERSION_INFO_PREFIX = "";
			};
			name = Release;
		};
		B557E1DF28251CED00E0BDCB /* Debug */ = {
			isa = XCBuildConfiguration;
			buildSettings = {
				CLANG_ENABLE_MODULES = YES;
				CODE_SIGN_IDENTITY = "";
				"CODE_SIGN_IDENTITY[sdk=macosx*]" = "Apple Development";
				CODE_SIGN_STYLE = Automatic;
				CURRENT_PROJECT_VERSION = 1;
				DEFINES_MODULE = YES;
				DEVELOPMENT_TEAM = G6DMWDA6X5;
				DYLIB_COMPATIBILITY_VERSION = 1;
				DYLIB_CURRENT_VERSION = 1;
				DYLIB_INSTALL_NAME_BASE = "@rpath";
				GENERATE_INFOPLIST_FILE = YES;
				INFOPLIST_KEY_NSHumanReadableCopyright = "";
				INSTALL_PATH = "$(LOCAL_LIBRARY_DIR)/Frameworks";
				IPHONEOS_DEPLOYMENT_TARGET = 15.0;
				LD_RUNPATH_SEARCH_PATHS = (
					"$(inherited)",
					"@executable_path/Frameworks",
					"@loader_path/Frameworks",
				);
				MARKETING_VERSION = 1.0;
				PRODUCT_BUNDLE_IDENTIFIER = "com.threenitas.wxm-ios.PresentationLayer";
				PRODUCT_NAME = "$(TARGET_NAME:c99extidentifier)";
				SKIP_INSTALL = YES;
				SUPPORTS_MACCATALYST = NO;
				SWIFT_EMIT_LOC_STRINGS = YES;
				SWIFT_OPTIMIZATION_LEVEL = "-Onone";
				SWIFT_VERSION = 5.0;
				TARGETED_DEVICE_FAMILY = 1;
			};
			name = Debug;
		};
		B557E1E028251CED00E0BDCB /* Release */ = {
			isa = XCBuildConfiguration;
			buildSettings = {
				CLANG_ENABLE_MODULES = YES;
				CODE_SIGN_STYLE = Automatic;
				CURRENT_PROJECT_VERSION = 1;
				DEFINES_MODULE = YES;
				DEVELOPMENT_TEAM = G6DMWDA6X5;
				DYLIB_COMPATIBILITY_VERSION = 1;
				DYLIB_CURRENT_VERSION = 1;
				DYLIB_INSTALL_NAME_BASE = "@rpath";
				GENERATE_INFOPLIST_FILE = YES;
				INFOPLIST_KEY_NSHumanReadableCopyright = "";
				INSTALL_PATH = "$(LOCAL_LIBRARY_DIR)/Frameworks";
				IPHONEOS_DEPLOYMENT_TARGET = 15.0;
				LD_RUNPATH_SEARCH_PATHS = (
					"$(inherited)",
					"@executable_path/Frameworks",
					"@loader_path/Frameworks",
				);
				MARKETING_VERSION = 1.0;
				PRODUCT_BUNDLE_IDENTIFIER = "com.threenitas.wxm-ios.PresentationLayer";
				PRODUCT_NAME = "$(TARGET_NAME:c99extidentifier)";
				SKIP_INSTALL = YES;
				SUPPORTS_MACCATALYST = NO;
				SWIFT_EMIT_LOC_STRINGS = YES;
				SWIFT_VERSION = 5.0;
				TARGETED_DEVICE_FAMILY = 1;
			};
			name = Release;
		};
/* End XCBuildConfiguration section */

/* Begin XCConfigurationList section */
		B557E1D128251CED00E0BDCB /* Build configuration list for PBXProject "PresentationLayer" */ = {
			isa = XCConfigurationList;
			buildConfigurations = (
				B557E1DC28251CED00E0BDCB /* Debug */,
				26E2B3B32982718900ED9B58 /* Mock */,
				26E2B3B7298272B700ED9B58 /* Staging */,
				B557E1DD28251CED00E0BDCB /* Release */,
			);
			defaultConfigurationIsVisible = 0;
			defaultConfigurationName = Release;
		};
		B557E1DE28251CED00E0BDCB /* Build configuration list for PBXNativeTarget "PresentationLayer" */ = {
			isa = XCConfigurationList;
			buildConfigurations = (
				B557E1DF28251CED00E0BDCB /* Debug */,
				26E2B3B42982718900ED9B58 /* Mock */,
				26E2B3B8298272B700ED9B58 /* Staging */,
				B557E1E028251CED00E0BDCB /* Release */,
			);
			defaultConfigurationIsVisible = 0;
			defaultConfigurationName = Release;
		};
/* End XCConfigurationList section */

/* Begin XCRemoteSwiftPackageReference section */
		265668672975AD5A006DD3F9 /* XCRemoteSwiftPackageReference "PullableScrollView" */ = {
			isa = XCRemoteSwiftPackageReference;
			repositoryURL = "https://github.com/pantelisss/PullableScrollView.git";
			requirement = {
				kind = upToNextMajorVersion;
				minimumVersion = 1.0.0;
			};
		};
		4D49D90B294DE4C600987DE6 /* XCRemoteSwiftPackageReference "mapbox-maps-ios" */ = {
			isa = XCRemoteSwiftPackageReference;
			repositoryURL = "https://github.com/mapbox/mapbox-maps-ios/";
			requirement = {
				kind = upToNextMajorVersion;
				minimumVersion = 10.0.0;
			};
		};
		4DB8E3C7294E2C1F00A75406 /* XCRemoteSwiftPackageReference "turf-swift" */ = {
			isa = XCRemoteSwiftPackageReference;
			repositoryURL = "https://github.com/mapbox/turf-swift.git";
			requirement = {
				kind = upToNextMajorVersion;
				minimumVersion = 2.6.0;
			};
		};
		74F23622283E0E82008AD04F /* XCRemoteSwiftPackageReference "Veil" */ = {
			isa = XCRemoteSwiftPackageReference;
			repositoryURL = "https://github.com/DanielCardonaRojas/Veil";
			requirement = {
				kind = upToNextMajorVersion;
				minimumVersion = 0.2.0;
			};
		};
		74F6960F285234C700E55555 /* XCRemoteSwiftPackageReference "CodeScanner" */ = {
			isa = XCRemoteSwiftPackageReference;
			repositoryURL = "https://github.com/twostraws/CodeScanner";
			requirement = {
				kind = upToNextMajorVersion;
				minimumVersion = 2.0.0;
			};
		};
		B557E216282521C900E0BDCB /* XCRemoteSwiftPackageReference "Swinject" */ = {
			isa = XCRemoteSwiftPackageReference;
			repositoryURL = "https://github.com/Swinject/Swinject";
			requirement = {
				kind = upToNextMajorVersion;
				minimumVersion = 2.0.0;
			};
		};
		B557E222282532EB00E0BDCB /* XCRemoteSwiftPackageReference "lottie-ios" */ = {
			isa = XCRemoteSwiftPackageReference;
			repositoryURL = "https://github.com/LottieFiles/lottie-ios";
			requirement = {
				kind = upToNextMajorVersion;
				minimumVersion = 3.1.0;
			};
		};
		B5628F62283537BF0097D96F /* XCRemoteSwiftPackageReference "IQKeyboardManager" */ = {
			isa = XCRemoteSwiftPackageReference;
			repositoryURL = "https://github.com/hackiftekhar/IQKeyboardManager.git";
			requirement = {
				kind = upToNextMajorVersion;
				minimumVersion = 6.5.0;
			};
		};
		B5E6B87C2833AB190060D050 /* XCRemoteSwiftPackageReference "Alamofire" */ = {
			isa = XCRemoteSwiftPackageReference;
			repositoryURL = "https://github.com/Alamofire/Alamofire";
			requirement = {
				kind = upToNextMajorVersion;
				minimumVersion = 5.0.0;
			};
		};
/* End XCRemoteSwiftPackageReference section */

/* Begin XCSwiftPackageProductDependency section */
		265668682975AD5A006DD3F9 /* PullableScrollView */ = {
			isa = XCSwiftPackageProductDependency;
			package = 265668672975AD5A006DD3F9 /* XCRemoteSwiftPackageReference "PullableScrollView" */;
			productName = PullableScrollView;
		};
		4D49D90C294DE4C600987DE6 /* MapboxMaps */ = {
			isa = XCSwiftPackageProductDependency;
			package = 4D49D90B294DE4C600987DE6 /* XCRemoteSwiftPackageReference "mapbox-maps-ios" */;
			productName = MapboxMaps;
		};
		4DB8E3C8294E2C1F00A75406 /* Turf */ = {
			isa = XCSwiftPackageProductDependency;
			package = 4DB8E3C7294E2C1F00A75406 /* XCRemoteSwiftPackageReference "turf-swift" */;
			productName = Turf;
		};
		74F23623283E0E82008AD04F /* Veil */ = {
			isa = XCSwiftPackageProductDependency;
			package = 74F23622283E0E82008AD04F /* XCRemoteSwiftPackageReference "Veil" */;
			productName = Veil;
		};
		74F69610285234C700E55555 /* CodeScanner */ = {
			isa = XCSwiftPackageProductDependency;
			package = 74F6960F285234C700E55555 /* XCRemoteSwiftPackageReference "CodeScanner" */;
			productName = CodeScanner;
		};
		B557E217282521C900E0BDCB /* Swinject */ = {
			isa = XCSwiftPackageProductDependency;
			package = B557E216282521C900E0BDCB /* XCRemoteSwiftPackageReference "Swinject" */;
			productName = Swinject;
		};
		B557E223282532EB00E0BDCB /* Lottie */ = {
			isa = XCSwiftPackageProductDependency;
			package = B557E222282532EB00E0BDCB /* XCRemoteSwiftPackageReference "lottie-ios" */;
			productName = Lottie;
		};
		B5628F63283537BF0097D96F /* IQKeyboardManagerSwift */ = {
			isa = XCSwiftPackageProductDependency;
			package = B5628F62283537BF0097D96F /* XCRemoteSwiftPackageReference "IQKeyboardManager" */;
			productName = IQKeyboardManagerSwift;
		};
		B5E6B87D2833AB190060D050 /* Alamofire */ = {
			isa = XCSwiftPackageProductDependency;
			package = B5E6B87C2833AB190060D050 /* XCRemoteSwiftPackageReference "Alamofire" */;
			productName = Alamofire;
		};
/* End XCSwiftPackageProductDependency section */
	};
	rootObject = B557E1CE28251CED00E0BDCB /* Project object */;
}
